
Microsoft Visual Studio Solution File, Format Version 12.00
# Visual Studio Version 16
VisualStudioVersion = 16.0.32002.261
MinimumVisualStudioVersion = 10.0.40219.1
Project("{FAE04EC0-301F-11D3-BF4B-00C04F79EFBC}") = "TimeSheets", "TimeSheets\TimeSheets.csproj", "{ED605677-9976-4F45-A8AB-AC990D6DC1D0}"
EndProject
Global
	GlobalSection(SolutionConfigurationPlatforms) = preSolution
		Debug|Any CPU = Debug|Any CPU
		Release|Any CPU = Release|Any CPU
	EndGlobalSection
	GlobalSection(ProjectConfigurationPlatforms) = postSolution
		{ED605677-9976-4F45-A8AB-AC990D6DC1D0}.Debug|Any CPU.ActiveCfg = Debug|Any CPU
		{ED605677-9976-4F45-A8AB-AC990D6DC1D0}.Debug|Any CPU.Build.0 = Debug|Any CPU
		{ED605677-9976-4F45-A8AB-AC990D6DC1D0}.Release|Any CPU.ActiveCfg = Release|Any CPU
		{ED605677-9976-4F45-A8AB-AC990D6DC1D0}.Release|Any CPU.Build.0 = Release|Any CPU
	EndGlobalSection
	GlobalSection(SolutionProperties) = preSolution
		HideSolutionNode = FALSE
	EndGlobalSection
	GlobalSection(ExtensibilityGlobals) = postSolution
		SolutionGuid = {3E365E3C-2ACB-4F25-805D-639367739EBF}
	EndGlobalSection
EndGlobal
